
Microsoft Visual Studio Solution File, Format Version 12.00
# Visual Studio 14
VisualStudioVersion = 14.0.23107.0
MinimumVisualStudioVersion = 10.0.40219.1
Project("{8BC9CEB8-8B4A-11D0-8D11-00A0C91BC942}") = "Bai1", "Bai1\Bai1.vcxproj", "{8179FC67-D80B-4DB6-BFC9-7AF9D68B5CB0}"
EndProject
Project("{8BC9CEB8-8B4A-11D0-8D11-00A0C91BC942}") = "Bai2", "Bai2\Bai2.vcxproj", "{9370F9F6-60FE-4F15-BECC-F4F03978D419}"
EndProject
Project("{8BC9CEB8-8B4A-11D0-8D11-00A0C91BC942}") = "Bai3", "Bai3\Bai3.vcxproj", "{28156FA2-A94C-4A44-873F-A998E409BE6D}"
EndProject
Project("{8BC9CEB8-8B4A-11D0-8D11-00A0C91BC942}") = "Bai4", "test 3\test 3.vcxproj", "{E4A7E7A0-B95E-44C6-917D-166838A29A1D}"
EndProject
Project("{8BC9CEB8-8B4A-11D0-8D11-00A0C91BC942}") = "Bai5", "Bai5\Bai5.vcxproj", "{EA31CE30-4FA8-42DC-B773-1AE73B1B8608}"
EndProject
Project("{8BC9CEB8-8B4A-11D0-8D11-00A0C91BC942}") = "Bai6", "Bai6\Bai6.vcxproj", "{24028E22-C428-4B83-AD64-9D898EE8C15D}"
EndProject
Project("{8BC9CEB8-8B4A-11D0-8D11-00A0C91BC942}") = "Bai7", "Bai7\Bai7.vcxproj", "{24D45600-3F37-48BD-AD36-F997ACBEDEB3}"
EndProject
Project("{8BC9CEB8-8B4A-11D0-8D11-00A0C91BC942}") = "Bai8", "tim khoang cach giua hai ngay\tim khoang cach giua hai ngay.vcxproj", "{FDA27960-9505-4EA3-8C8A-AEB198A9C27C}"
EndProject
Project("{8BC9CEB8-8B4A-11D0-8D11-00A0C91BC942}") = "rac", "rac\rac.vcxproj", "{061A9E58-4648-481F-B0D6-8C9ADCC056A8}"
EndProject
Project("{8BC9CEB8-8B4A-11D0-8D11-00A0C91BC942}") = "in tam giac", "in tam giac\in tam giac.vcxproj", "{33D9010B-B364-440D-8D50-79DDB7F08442}"
EndProject
Global
	GlobalSection(SolutionConfigurationPlatforms) = preSolution
		Debug|x64 = Debug|x64
		Debug|x86 = Debug|x86
		Release|x64 = Release|x64
		Release|x86 = Release|x86
	EndGlobalSection
	GlobalSection(ProjectConfigurationPlatforms) = postSolution
		{8179FC67-D80B-4DB6-BFC9-7AF9D68B5CB0}.Debug|x64.ActiveCfg = Debug|x64
		{8179FC67-D80B-4DB6-BFC9-7AF9D68B5CB0}.Debug|x64.Build.0 = Debug|x64
		{8179FC67-D80B-4DB6-BFC9-7AF9D68B5CB0}.Debug|x86.ActiveCfg = Debug|Win32
		{8179FC67-D80B-4DB6-BFC9-7AF9D68B5CB0}.Debug|x86.Build.0 = Debug|Win32
		{8179FC67-D80B-4DB6-BFC9-7AF9D68B5CB0}.Release|x64.ActiveCfg = Release|x64
		{8179FC67-D80B-4DB6-BFC9-7AF9D68B5CB0}.Release|x64.Build.0 = Release|x64
		{8179FC67-D80B-4DB6-BFC9-7AF9D68B5CB0}.Release|x86.ActiveCfg = Release|Win32
		{8179FC67-D80B-4DB6-BFC9-7AF9D68B5CB0}.Release|x86.Build.0 = Release|Win32
		{9370F9F6-60FE-4F15-BECC-F4F03978D419}.Debug|x64.ActiveCfg = Debug|x64
		{9370F9F6-60FE-4F15-BECC-F4F03978D419}.Debug|x64.Build.0 = Debug|x64
		{9370F9F6-60FE-4F15-BECC-F4F03978D419}.Debug|x86.ActiveCfg = Debug|Win32
		{9370F9F6-60FE-4F15-BECC-F4F03978D419}.Debug|x86.Build.0 = Debug|Win32
		{9370F9F6-60FE-4F15-BECC-F4F03978D419}.Release|x64.ActiveCfg = Release|x64
		{9370F9F6-60FE-4F15-BECC-F4F03978D419}.Release|x64.Build.0 = Release|x64
		{9370F9F6-60FE-4F15-BECC-F4F03978D419}.Release|x86.ActiveCfg = Release|Win32
		{9370F9F6-60FE-4F15-BECC-F4F03978D419}.Release|x86.Build.0 = Release|Win32
		{28156FA2-A94C-4A44-873F-A998E409BE6D}.Debug|x64.ActiveCfg = Debug|x64
		{28156FA2-A94C-4A44-873F-A998E409BE6D}.Debug|x64.Build.0 = Debug|x64
		{28156FA2-A94C-4A44-873F-A998E409BE6D}.Debug|x86.ActiveCfg = Debug|Win32
		{28156FA2-A94C-4A44-873F-A998E409BE6D}.Debug|x86.Build.0 = Debug|Win32
		{28156FA2-A94C-4A44-873F-A998E409BE6D}.Release|x64.ActiveCfg = Release|x64
		{28156FA2-A94C-4A44-873F-A998E409BE6D}.Release|x64.Build.0 = Release|x64
		{28156FA2-A94C-4A44-873F-A998E409BE6D}.Release|x86.ActiveCfg = Release|Win32
		{28156FA2-A94C-4A44-873F-A998E409BE6D}.Release|x86.Build.0 = Release|Win32
		{E4A7E7A0-B95E-44C6-917D-166838A29A1D}.Debug|x64.ActiveCfg = Debug|x64
		{E4A7E7A0-B95E-44C6-917D-166838A29A1D}.Debug|x64.Build.0 = Debug|x64
		{E4A7E7A0-B95E-44C6-917D-166838A29A1D}.Debug|x86.ActiveCfg = Debug|Win32
		{E4A7E7A0-B95E-44C6-917D-166838A29A1D}.Debug|x86.Build.0 = Debug|Win32
		{E4A7E7A0-B95E-44C6-917D-166838A29A1D}.Release|x64.ActiveCfg = Release|x64
		{E4A7E7A0-B95E-44C6-917D-166838A29A1D}.Release|x64.Build.0 = Release|x64
		{E4A7E7A0-B95E-44C6-917D-166838A29A1D}.Release|x86.ActiveCfg = Release|Win32
		{E4A7E7A0-B95E-44C6-917D-166838A29A1D}.Release|x86.Build.0 = Release|Win32
		{EA31CE30-4FA8-42DC-B773-1AE73B1B8608}.Debug|x64.ActiveCfg = Debug|x64
		{EA31CE30-4FA8-42DC-B773-1AE73B1B8608}.Debug|x64.Build.0 = Debug|x64
		{EA31CE30-4FA8-42DC-B773-1AE73B1B8608}.Debug|x86.ActiveCfg = Debug|Win32
		{EA31CE30-4FA8-42DC-B773-1AE73B1B8608}.Debug|x86.Build.0 = Debug|Win32
		{EA31CE30-4FA8-42DC-B773-1AE73B1B8608}.Release|x64.ActiveCfg = Release|x64
		{EA31CE30-4FA8-42DC-B773-1AE73B1B8608}.Release|x64.Build.0 = Release|x64
		{EA31CE30-4FA8-42DC-B773-1AE73B1B8608}.Release|x86.ActiveCfg = Release|Win32
		{EA31CE30-4FA8-42DC-B773-1AE73B1B8608}.Release|x86.Build.0 = Release|Win32
		{24028E22-C428-4B83-AD64-9D898EE8C15D}.Debug|x64.ActiveCfg = Debug|x64
		{24028E22-C428-4B83-AD64-9D898EE8C15D}.Debug|x64.Build.0 = Debug|x64
		{24028E22-C428-4B83-AD64-9D898EE8C15D}.Debug|x86.ActiveCfg = Debug|Win32
		{24028E22-C428-4B83-AD64-9D898EE8C15D}.Debug|x86.Build.0 = Debug|Win32
		{24028E22-C428-4B83-AD64-9D898EE8C15D}.Release|x64.ActiveCfg = Release|x64
		{24028E22-C428-4B83-AD64-9D898EE8C15D}.Release|x64.Build.0 = Release|x64
		{24028E22-C428-4B83-AD64-9D898EE8C15D}.Release|x86.ActiveCfg = Release|Win32
		{24028E22-C428-4B83-AD64-9D898EE8C15D}.Release|x86.Build.0 = Release|Win32
		{24D45600-3F37-48BD-AD36-F997ACBEDEB3}.Debug|x64.ActiveCfg = Debug|x64
		{24D45600-3F37-48BD-AD36-F997ACBEDEB3}.Debug|x64.Build.0 = Debug|x64
		{24D45600-3F37-48BD-AD36-F997ACBEDEB3}.Debug|x86.ActiveCfg = Debug|Win32
		{24D45600-3F37-48BD-AD36-F997ACBEDEB3}.Debug|x86.Build.0 = Debug|Win32
		{24D45600-3F37-48BD-AD36-F997ACBEDEB3}.Release|x64.ActiveCfg = Release|x64
		{24D45600-3F37-48BD-AD36-F997ACBEDEB3}.Release|x64.Build.0 = Release|x64
		{24D45600-3F37-48BD-AD36-F997ACBEDEB3}.Release|x86.ActiveCfg = Release|Win32
		{24D45600-3F37-48BD-AD36-F997ACBEDEB3}.Release|x86.Build.0 = Release|Win32
		{FDA27960-9505-4EA3-8C8A-AEB198A9C27C}.Debug|x64.ActiveCfg = Debug|x64
		{FDA27960-9505-4EA3-8C8A-AEB198A9C27C}.Debug|x64.Build.0 = Debug|x64
		{FDA27960-9505-4EA3-8C8A-AEB198A9C27C}.Debug|x86.ActiveCfg = Debug|Win32
		{FDA27960-9505-4EA3-8C8A-AEB198A9C27C}.Debug|x86.Build.0 = Debug|Win32
		{FDA27960-9505-4EA3-8C8A-AEB198A9C27C}.Release|x64.ActiveCfg = Release|x64
		{FDA27960-9505-4EA3-8C8A-AEB198A9C27C}.Release|x64.Build.0 = Release|x64
		{FDA27960-9505-4EA3-8C8A-AEB198A9C27C}.Release|x86.ActiveCfg = Release|Win32
		{FDA27960-9505-4EA3-8C8A-AEB198A9C27C}.Release|x86.Build.0 = Release|Win32
		{061A9E58-4648-481F-B0D6-8C9ADCC056A8}.Debug|x64.ActiveCfg = Debug|x64
		{061A9E58-4648-481F-B0D6-8C9ADCC056A8}.Debug|x64.Build.0 = Debug|x64
		{061A9E58-4648-481F-B0D6-8C9ADCC056A8}.Debug|x86.ActiveCfg = Debug|Win32
		{061A9E58-4648-481F-B0D6-8C9ADCC056A8}.Debug|x86.Build.0 = Debug|Win32
		{061A9E58-4648-481F-B0D6-8C9ADCC056A8}.Release|x64.ActiveCfg = Release|x64
		{061A9E58-4648-481F-B0D6-8C9ADCC056A8}.Release|x64.Build.0 = Release|x64
		{061A9E58-4648-481F-B0D6-8C9ADCC056A8}.Release|x86.ActiveCfg = Release|Win32
		{061A9E58-4648-481F-B0D6-8C9ADCC056A8}.Release|x86.Build.0 = Release|Win32
		{33D9010B-B364-440D-8D50-79DDB7F08442}.Debug|x64.ActiveCfg = Debug|x64
		{33D9010B-B364-440D-8D50-79DDB7F08442}.Debug|x64.Build.0 = Debug|x64
		{33D9010B-B364-440D-8D50-79DDB7F08442}.Debug|x86.ActiveCfg = Debug|Win32
		{33D9010B-B364-440D-8D50-79DDB7F08442}.Debug|x86.Build.0 = Debug|Win32
		{33D9010B-B364-440D-8D50-79DDB7F08442}.Release|x64.ActiveCfg = Release|x64
		{33D9010B-B364-440D-8D50-79DDB7F08442}.Release|x64.Build.0 = Release|x64
		{33D9010B-B364-440D-8D50-79DDB7F08442}.Release|x86.ActiveCfg = Release|Win32
		{33D9010B-B364-440D-8D50-79DDB7F08442}.Release|x86.Build.0 = Release|Win32
	EndGlobalSection
	GlobalSection(SolutionProperties) = preSolution
		HideSolutionNode = FALSE
	EndGlobalSection
EndGlobal
